// !$*UTF8*$!
{
	archiveVersion = 1;
	classes = {
	};
	objectVersion = 56;
	objects = {

/* Begin PBXBuildFile section */
		D461BF232A47A9F6004D7A48 /* FingerprintingDatabase.swift in Sources */ = {isa = PBXBuildFile; fileRef = D461BF222A47A9F6004D7A48 /* FingerprintingDatabase.swift */; };
		D4743B552A06D4C30057FA4E /* Registration.swift in Sources */ = {isa = PBXBuildFile; fileRef = D4743B542A06D4C30057FA4E /* Registration.swift */; };
		D49223242A3F5020002396AC /* BeaconSpecs.swift in Sources */ = {isa = PBXBuildFile; fileRef = D49223232A3F5020002396AC /* BeaconSpecs.swift */; };
		D49223262A3F503B002396AC /* BestMatch.swift in Sources */ = {isa = PBXBuildFile; fileRef = D49223252A3F503B002396AC /* BestMatch.swift */; };
		D49223282A3F505D002396AC /* BeaconElement.swift in Sources */ = {isa = PBXBuildFile; fileRef = D49223272A3F505D002396AC /* BeaconElement.swift */; };
		D49223312A3F75CA002396AC /* BeaconReceiverViewModel.swift in Sources */ = {isa = PBXBuildFile; fileRef = D49223302A3F75CA002396AC /* BeaconReceiverViewModel.swift */; };
		D4AD99DA2A423B3800689781 /* Navigation.gif in Resources */ = {isa = PBXBuildFile; fileRef = D4AD99D92A423B3800689781 /* Navigation.gif */; };
		D4AD99DC2A423C5E00689781 /* NavigationGifView.swift in Sources */ = {isa = PBXBuildFile; fileRef = D4AD99DB2A423C5E00689781 /* NavigationGifView.swift */; };
		D4AD99DF2A428FF700689781 /* RegistrationViewModel.swift in Sources */ = {isa = PBXBuildFile; fileRef = D4AD99DE2A428FF700689781 /* RegistrationViewModel.swift */; };
		D4AD99E62A429A6400689781 /* User+CoreDataClass.swift in Sources */ = {isa = PBXBuildFile; fileRef = D4AD99E42A429A6400689781 /* User+CoreDataClass.swift */; };
		D4AD99E72A429A6400689781 /* User+CoreDataProperties.swift in Sources */ = {isa = PBXBuildFile; fileRef = D4AD99E52A429A6400689781 /* User+CoreDataProperties.swift */; };
		D4B6FA192A3E6D1A00B3892A /* LocationNavigationView.swift in Sources */ = {isa = PBXBuildFile; fileRef = D4B6FA182A3E6D1A00B3892A /* LocationNavigationView.swift */; };
		D4B6FA1B2A3E6D3400B3892A /* HomePageView.swift in Sources */ = {isa = PBXBuildFile; fileRef = D4B6FA1A2A3E6D3400B3892A /* HomePageView.swift */; };
		D4EBE30E2A43C52100A7C6A1 /* Map.swift in Sources */ = {isa = PBXBuildFile; fileRef = D4EBE30D2A43C52100A7C6A1 /* Map.swift */; };
		D4EBE3102A43C56800A7C6A1 /* map.gif in Resources */ = {isa = PBXBuildFile; fileRef = D4EBE30F2A43C56800A7C6A1 /* map.gif */; };
		D4EBE3122A43D92F00A7C6A1 /* WaitView.swift in Sources */ = {isa = PBXBuildFile; fileRef = D4EBE3112A43D92F00A7C6A1 /* WaitView.swift */; };
		D4EBE3142A43D94A00A7C6A1 /* wait.gif in Resources */ = {isa = PBXBuildFile; fileRef = D4EBE3132A43D94A00A7C6A1 /* wait.gif */; };
		D4EBE3162A43D95A00A7C6A1 /* WaitGif.swift in Sources */ = {isa = PBXBuildFile; fileRef = D4EBE3152A43D95A00A7C6A1 /* WaitGif.swift */; };
		D4EBE3182A43DA7E00A7C6A1 /* biggerwait.gif in Resources */ = {isa = PBXBuildFile; fileRef = D4EBE3172A43DA7E00A7C6A1 /* biggerwait.gif */; };
		D4ED003B2A0109D100D50BD3 /* Indoor_NavigationApp.swift in Sources */ = {isa = PBXBuildFile; fileRef = D4ED003A2A0109D100D50BD3 /* Indoor_NavigationApp.swift */; };
		D4ED003D2A0109D100D50BD3 /* LoginView.swift in Sources */ = {isa = PBXBuildFile; fileRef = D4ED003C2A0109D100D50BD3 /* LoginView.swift */; };
		D4ED003F2A0109D200D50BD3 /* Assets.xcassets in Resources */ = {isa = PBXBuildFile; fileRef = D4ED003E2A0109D200D50BD3 /* Assets.xcassets */; };
		D4ED00422A0109D200D50BD3 /* Preview Assets.xcassets in Resources */ = {isa = PBXBuildFile; fileRef = D4ED00412A0109D200D50BD3 /* Preview Assets.xcassets */; };
		D4ED00442A0109D200D50BD3 /* DataController.swift in Sources */ = {isa = PBXBuildFile; fileRef = D4ED00432A0109D200D50BD3 /* DataController.swift */; };
		D4ED00472A0109D200D50BD3 /* Indoor_Navigation.xcdatamodeld in Sources */ = {isa = PBXBuildFile; fileRef = D4ED00452A0109D200D50BD3 /* Indoor_Navigation.xcdatamodeld */; };
		D4ED00522A0109D200D50BD3 /* Indoor_NavigationTests.swift in Sources */ = {isa = PBXBuildFile; fileRef = D4ED00512A0109D200D50BD3 /* Indoor_NavigationTests.swift */; };
		D4ED005C2A0109D200D50BD3 /* Indoor_NavigationUITests.swift in Sources */ = {isa = PBXBuildFile; fileRef = D4ED005B2A0109D200D50BD3 /* Indoor_NavigationUITests.swift */; };
		D4ED005E2A0109D200D50BD3 /* Indoor_NavigationUITestsLaunchTests.swift in Sources */ = {isa = PBXBuildFile; fileRef = D4ED005D2A0109D200D50BD3 /* Indoor_NavigationUITestsLaunchTests.swift */; };
/* End PBXBuildFile section */

/* Begin PBXContainerItemProxy section */
		D4ED004E2A0109D200D50BD3 /* PBXContainerItemProxy */ = {
			isa = PBXContainerItemProxy;
			containerPortal = D4ED002F2A0109D100D50BD3 /* Project object */;
			proxyType = 1;
			remoteGlobalIDString = D4ED00362A0109D100D50BD3;
			remoteInfo = "Indoor-Navigation";
		};
		D4ED00582A0109D200D50BD3 /* PBXContainerItemProxy */ = {
			isa = PBXContainerItemProxy;
			containerPortal = D4ED002F2A0109D100D50BD3 /* Project object */;
			proxyType = 1;
			remoteGlobalIDString = D4ED00362A0109D100D50BD3;
			remoteInfo = "Indoor-Navigation";
		};
/* End PBXContainerItemProxy section */

/* Begin PBXFileReference section */
		D461BF222A47A9F6004D7A48 /* FingerprintingDatabase.swift */ = {isa = PBXFileReference; lastKnownFileType = sourcecode.swift; path = FingerprintingDatabase.swift; sourceTree = "<group>"; };
		D4743B542A06D4C30057FA4E /* Registration.swift */ = {isa = PBXFileReference; lastKnownFileType = sourcecode.swift; path = Registration.swift; sourceTree = "<group>"; };
		D49223232A3F5020002396AC /* BeaconSpecs.swift */ = {isa = PBXFileReference; lastKnownFileType = sourcecode.swift; path = BeaconSpecs.swift; sourceTree = "<group>"; };
		D49223252A3F503B002396AC /* BestMatch.swift */ = {isa = PBXFileReference; lastKnownFileType = sourcecode.swift; path = BestMatch.swift; sourceTree = "<group>"; };
		D49223272A3F505D002396AC /* BeaconElement.swift */ = {isa = PBXFileReference; lastKnownFileType = sourcecode.swift; path = BeaconElement.swift; sourceTree = "<group>"; };
		D49223302A3F75CA002396AC /* BeaconReceiverViewModel.swift */ = {isa = PBXFileReference; lastKnownFileType = sourcecode.swift; path = BeaconReceiverViewModel.swift; sourceTree = "<group>"; };
		D4AD99D92A423B3800689781 /* Navigation.gif */ = {isa = PBXFileReference; lastKnownFileType = image.gif; path = Navigation.gif; sourceTree = "<group>"; };
		D4AD99DB2A423C5E00689781 /* NavigationGifView.swift */ = {isa = PBXFileReference; lastKnownFileType = sourcecode.swift; path = NavigationGifView.swift; sourceTree = "<group>"; };
		D4AD99DE2A428FF700689781 /* RegistrationViewModel.swift */ = {isa = PBXFileReference; lastKnownFileType = sourcecode.swift; path = RegistrationViewModel.swift; sourceTree = "<group>"; };
		D4AD99E42A429A6400689781 /* User+CoreDataClass.swift */ = {isa = PBXFileReference; lastKnownFileType = sourcecode.swift; path = "User+CoreDataClass.swift"; sourceTree = "<group>"; };
		D4AD99E52A429A6400689781 /* User+CoreDataProperties.swift */ = {isa = PBXFileReference; lastKnownFileType = sourcecode.swift; path = "User+CoreDataProperties.swift"; sourceTree = "<group>"; };
		D4B6FA182A3E6D1A00B3892A /* LocationNavigationView.swift */ = {isa = PBXFileReference; lastKnownFileType = sourcecode.swift; path = LocationNavigationView.swift; sourceTree = "<group>"; };
		D4B6FA1A2A3E6D3400B3892A /* HomePageView.swift */ = {isa = PBXFileReference; lastKnownFileType = sourcecode.swift; path = HomePageView.swift; sourceTree = "<group>"; };
		D4EBE30D2A43C52100A7C6A1 /* Map.swift */ = {isa = PBXFileReference; lastKnownFileType = sourcecode.swift; path = Map.swift; sourceTree = "<group>"; };
		D4EBE30F2A43C56800A7C6A1 /* map.gif */ = {isa = PBXFileReference; lastKnownFileType = image.gif; path = map.gif; sourceTree = "<group>"; };
		D4EBE3112A43D92F00A7C6A1 /* WaitView.swift */ = {isa = PBXFileReference; lastKnownFileType = sourcecode.swift; path = WaitView.swift; sourceTree = "<group>"; };
		D4EBE3132A43D94A00A7C6A1 /* wait.gif */ = {isa = PBXFileReference; lastKnownFileType = image.gif; path = wait.gif; sourceTree = "<group>"; };
		D4EBE3152A43D95A00A7C6A1 /* WaitGif.swift */ = {isa = PBXFileReference; lastKnownFileType = sourcecode.swift; path = WaitGif.swift; sourceTree = "<group>"; };
		D4EBE3172A43DA7E00A7C6A1 /* biggerwait.gif */ = {isa = PBXFileReference; lastKnownFileType = image.gif; path = biggerwait.gif; sourceTree = "<group>"; };
		D4ED00372A0109D100D50BD3 /* Indoor-Navigation.app */ = {isa = PBXFileReference; explicitFileType = wrapper.application; includeInIndex = 0; path = "Indoor-Navigation.app"; sourceTree = BUILT_PRODUCTS_DIR; };
		D4ED003A2A0109D100D50BD3 /* Indoor_NavigationApp.swift */ = {isa = PBXFileReference; lastKnownFileType = sourcecode.swift; path = Indoor_NavigationApp.swift; sourceTree = "<group>"; };
		D4ED003C2A0109D100D50BD3 /* LoginView.swift */ = {isa = PBXFileReference; lastKnownFileType = sourcecode.swift; path = LoginView.swift; sourceTree = "<group>"; };
		D4ED003E2A0109D200D50BD3 /* Assets.xcassets */ = {isa = PBXFileReference; lastKnownFileType = folder.assetcatalog; path = Assets.xcassets; sourceTree = "<group>"; };
		D4ED00412A0109D200D50BD3 /* Preview Assets.xcassets */ = {isa = PBXFileReference; lastKnownFileType = folder.assetcatalog; path = "Preview Assets.xcassets"; sourceTree = "<group>"; };
		D4ED00432A0109D200D50BD3 /* DataController.swift */ = {isa = PBXFileReference; lastKnownFileType = sourcecode.swift; path = DataController.swift; sourceTree = "<group>"; };
		D4ED00462A0109D200D50BD3 /* Indoor_Navigation.xcdatamodel */ = {isa = PBXFileReference; lastKnownFileType = wrapper.xcdatamodel; path = Indoor_Navigation.xcdatamodel; sourceTree = "<group>"; };
		D4ED00482A0109D200D50BD3 /* Info.plist */ = {isa = PBXFileReference; lastKnownFileType = text.plist.xml; path = Info.plist; sourceTree = "<group>"; };
		D4ED004D2A0109D200D50BD3 /* Indoor-NavigationTests.xctest */ = {isa = PBXFileReference; explicitFileType = wrapper.cfbundle; includeInIndex = 0; path = "Indoor-NavigationTests.xctest"; sourceTree = BUILT_PRODUCTS_DIR; };
		D4ED00512A0109D200D50BD3 /* Indoor_NavigationTests.swift */ = {isa = PBXFileReference; lastKnownFileType = sourcecode.swift; path = Indoor_NavigationTests.swift; sourceTree = "<group>"; };
		D4ED00572A0109D200D50BD3 /* Indoor-NavigationUITests.xctest */ = {isa = PBXFileReference; explicitFileType = wrapper.cfbundle; includeInIndex = 0; path = "Indoor-NavigationUITests.xctest"; sourceTree = BUILT_PRODUCTS_DIR; };
		D4ED005B2A0109D200D50BD3 /* Indoor_NavigationUITests.swift */ = {isa = PBXFileReference; lastKnownFileType = sourcecode.swift; path = Indoor_NavigationUITests.swift; sourceTree = "<group>"; };
		D4ED005D2A0109D200D50BD3 /* Indoor_NavigationUITestsLaunchTests.swift */ = {isa = PBXFileReference; lastKnownFileType = sourcecode.swift; path = Indoor_NavigationUITestsLaunchTests.swift; sourceTree = "<group>"; };
		D4ED006A2A010BAB00D50BD3 /* Indoor-Navigation.entitlements */ = {isa = PBXFileReference; lastKnownFileType = text.plist.entitlements; path = "Indoor-Navigation.entitlements"; sourceTree = "<group>"; };
/* End PBXFileReference section */

/* Begin PBXFrameworksBuildPhase section */
		D4ED00342A0109D100D50BD3 /* Frameworks */ = {
			isa = PBXFrameworksBuildPhase;
			buildActionMask = 2147483647;
			files = (
			);
			runOnlyForDeploymentPostprocessing = 0;
		};
		D4ED004A2A0109D200D50BD3 /* Frameworks */ = {
			isa = PBXFrameworksBuildPhase;
			buildActionMask = 2147483647;
			files = (
			);
			runOnlyForDeploymentPostprocessing = 0;
		};
		D4ED00542A0109D200D50BD3 /* Frameworks */ = {
			isa = PBXFrameworksBuildPhase;
			buildActionMask = 2147483647;
			files = (
			);
			runOnlyForDeploymentPostprocessing = 0;
		};
/* End PBXFrameworksBuildPhase section */

/* Begin PBXGroup section */
		D4259E152A15222000342675 /* Models */ = {
			isa = PBXGroup;
			children = (
				D4AD99E42A429A6400689781 /* User+CoreDataClass.swift */,
				D4AD99E52A429A6400689781 /* User+CoreDataProperties.swift */,
			);
			path = Models;
			sourceTree = "<group>";
		};
		D4743B512A06CA970057FA4E /* ContentViews */ = {
			isa = PBXGroup;
			children = (
				D4B6FA1A2A3E6D3400B3892A /* HomePageView.swift */,
			);
			path = ContentViews;
			sourceTree = "<group>";
		};
		D48365D42A444C0F001C9206 /* Database */ = {
			isa = PBXGroup;
			children = (
				D4ED00432A0109D200D50BD3 /* DataController.swift */,
				D4ED00452A0109D200D50BD3 /* Indoor_Navigation.xcdatamodeld */,
			);
			path = Database;
			sourceTree = "<group>";
		};
		D48365D52A444C48001C9206 /* Media */ = {
			isa = PBXGroup;
			children = (
				D4EBE30F2A43C56800A7C6A1 /* map.gif */,
				D4EBE3172A43DA7E00A7C6A1 /* biggerwait.gif */,
				D4EBE3132A43D94A00A7C6A1 /* wait.gif */,
				D4AD99D92A423B3800689781 /* Navigation.gif */,
			);
			path = Media;
			sourceTree = "<group>";
		};
		D48365D62A444C8C001C9206 /* Localization */ = {
			isa = PBXGroup;
			children = (
				D4EBE3112A43D92F00A7C6A1 /* WaitView.swift */,
				D4EBE3152A43D95A00A7C6A1 /* WaitGif.swift */,
			);
			path = Localization;
			sourceTree = "<group>";
		};
		D49223202A3F4D24002396AC /* Beacon */ = {
			isa = PBXGroup;
			children = (
				D49223232A3F5020002396AC /* BeaconSpecs.swift */,
				D49223252A3F503B002396AC /* BestMatch.swift */,
				D49223272A3F505D002396AC /* BeaconElement.swift */,
				D49223302A3F75CA002396AC /* BeaconReceiverViewModel.swift */,
			);
			path = Beacon;
			sourceTree = "<group>";
		};
		D4AD99DD2A428FE000689781 /* Registration & LogIn */ = {
			isa = PBXGroup;
			children = (
				D4EBE30D2A43C52100A7C6A1 /* Map.swift */,
				D4AD99DE2A428FF700689781 /* RegistrationViewModel.swift */,
				D4ED003C2A0109D100D50BD3 /* LoginView.swift */,
				D4743B542A06D4C30057FA4E /* Registration.swift */,
			);
			path = "Registration & LogIn";
			sourceTree = "<group>";
		};
		D4B6FA172A3E6CED00B3892A /* Navigation */ = {
			isa = PBXGroup;
			children = (
				D4B6FA182A3E6D1A00B3892A /* LocationNavigationView.swift */,
				D4AD99DB2A423C5E00689781 /* NavigationGifView.swift */,
				D461BF222A47A9F6004D7A48 /* FingerprintingDatabase.swift */,
			);
			path = Navigation;
			sourceTree = "<group>";
		};
		D4ED002E2A0109D100D50BD3 = {
			isa = PBXGroup;
			children = (
				D4ED00392A0109D100D50BD3 /* Indoor-Navigation */,
				D4ED00502A0109D200D50BD3 /* Indoor-NavigationTests */,
				D4ED005A2A0109D200D50BD3 /* Indoor-NavigationUITests */,
				D4ED00382A0109D100D50BD3 /* Products */,
			);
			sourceTree = "<group>";
		};
		D4ED00382A0109D100D50BD3 /* Products */ = {
			isa = PBXGroup;
			children = (
				D4ED00372A0109D100D50BD3 /* Indoor-Navigation.app */,
				D4ED004D2A0109D200D50BD3 /* Indoor-NavigationTests.xctest */,
				D4ED00572A0109D200D50BD3 /* Indoor-NavigationUITests.xctest */,
			);
			name = Products;
			sourceTree = "<group>";
		};
		D4ED00392A0109D100D50BD3 /* Indoor-Navigation */ = {
			isa = PBXGroup;
			children = (
				D48365D52A444C48001C9206 /* Media */,
				D48365D42A444C0F001C9206 /* Database */,
				D4259E152A15222000342675 /* Models */,
				D49223202A3F4D24002396AC /* Beacon */,
				D48365D62A444C8C001C9206 /* Localization */,
				D4AD99DD2A428FE000689781 /* Registration & LogIn */,
				D4B6FA172A3E6CED00B3892A /* Navigation */,
				D4743B512A06CA970057FA4E /* ContentViews */,
				D4ED006A2A010BAB00D50BD3 /* Indoor-Navigation.entitlements */,
				D4ED003A2A0109D100D50BD3 /* Indoor_NavigationApp.swift */,
				D4ED003E2A0109D200D50BD3 /* Assets.xcassets */,
				D4ED00482A0109D200D50BD3 /* Info.plist */,
				D4ED00402A0109D200D50BD3 /* Preview Content */,
			);
			path = "Indoor-Navigation";
			sourceTree = "<group>";
		};
		D4ED00402A0109D200D50BD3 /* Preview Content */ = {
			isa = PBXGroup;
			children = (
				D4ED00412A0109D200D50BD3 /* Preview Assets.xcassets */,
			);
			path = "Preview Content";
			sourceTree = "<group>";
		};
		D4ED00502A0109D200D50BD3 /* Indoor-NavigationTests */ = {
			isa = PBXGroup;
			children = (
				D4ED00512A0109D200D50BD3 /* Indoor_NavigationTests.swift */,
			);
			path = "Indoor-NavigationTests";
			sourceTree = "<group>";
		};
		D4ED005A2A0109D200D50BD3 /* Indoor-NavigationUITests */ = {
			isa = PBXGroup;
			children = (
				D4ED005B2A0109D200D50BD3 /* Indoor_NavigationUITests.swift */,
				D4ED005D2A0109D200D50BD3 /* Indoor_NavigationUITestsLaunchTests.swift */,
			);
			path = "Indoor-NavigationUITests";
			sourceTree = "<group>";
		};
/* End PBXGroup section */

/* Begin PBXNativeTarget section */
		D4ED00362A0109D100D50BD3 /* Indoor-Navigation */ = {
			isa = PBXNativeTarget;
			buildConfigurationList = D4ED00612A0109D200D50BD3 /* Build configuration list for PBXNativeTarget "Indoor-Navigation" */;
			buildPhases = (
				D4ED00332A0109D100D50BD3 /* Sources */,
				D4ED00342A0109D100D50BD3 /* Frameworks */,
				D4ED00352A0109D100D50BD3 /* Resources */,
			);
			buildRules = (
			);
			dependencies = (
			);
			name = "Indoor-Navigation";
			productName = "Indoor-Navigation";
			productReference = D4ED00372A0109D100D50BD3 /* Indoor-Navigation.app */;
			productType = "com.apple.product-type.application";
		};
		D4ED004C2A0109D200D50BD3 /* Indoor-NavigationTests */ = {
			isa = PBXNativeTarget;
			buildConfigurationList = D4ED00642A0109D200D50BD3 /* Build configuration list for PBXNativeTarget "Indoor-NavigationTests" */;
			buildPhases = (
				D4ED00492A0109D200D50BD3 /* Sources */,
				D4ED004A2A0109D200D50BD3 /* Frameworks */,
				D4ED004B2A0109D200D50BD3 /* Resources */,
			);
			buildRules = (
			);
			dependencies = (
				D4ED004F2A0109D200D50BD3 /* PBXTargetDependency */,
			);
			name = "Indoor-NavigationTests";
			productName = "Indoor-NavigationTests";
			productReference = D4ED004D2A0109D200D50BD3 /* Indoor-NavigationTests.xctest */;
			productType = "com.apple.product-type.bundle.unit-test";
		};
		D4ED00562A0109D200D50BD3 /* Indoor-NavigationUITests */ = {
			isa = PBXNativeTarget;
			buildConfigurationList = D4ED00672A0109D200D50BD3 /* Build configuration list for PBXNativeTarget "Indoor-NavigationUITests" */;
			buildPhases = (
				D4ED00532A0109D200D50BD3 /* Sources */,
				D4ED00542A0109D200D50BD3 /* Frameworks */,
				D4ED00552A0109D200D50BD3 /* Resources */,
			);
			buildRules = (
			);
			dependencies = (
				D4ED00592A0109D200D50BD3 /* PBXTargetDependency */,
			);
			name = "Indoor-NavigationUITests";
			productName = "Indoor-NavigationUITests";
			productReference = D4ED00572A0109D200D50BD3 /* Indoor-NavigationUITests.xctest */;
			productType = "com.apple.product-type.bundle.ui-testing";
		};
/* End PBXNativeTarget section */

/* Begin PBXProject section */
		D4ED002F2A0109D100D50BD3 /* Project object */ = {
			isa = PBXProject;
			attributes = {
				BuildIndependentTargetsInParallel = 1;
				LastSwiftUpdateCheck = 1430;
				LastUpgradeCheck = 1430;
				TargetAttributes = {
					D4ED00362A0109D100D50BD3 = {
						CreatedOnToolsVersion = 14.3;
					};
					D4ED004C2A0109D200D50BD3 = {
						CreatedOnToolsVersion = 14.3;
						TestTargetID = D4ED00362A0109D100D50BD3;
					};
					D4ED00562A0109D200D50BD3 = {
						CreatedOnToolsVersion = 14.3;
						TestTargetID = D4ED00362A0109D100D50BD3;
					};
				};
			};
			buildConfigurationList = D4ED00322A0109D100D50BD3 /* Build configuration list for PBXProject "Indoor-Navigation" */;
			compatibilityVersion = "Xcode 14.0";
			developmentRegion = en;
			hasScannedForEncodings = 0;
			knownRegions = (
				en,
				Base,
			);
			mainGroup = D4ED002E2A0109D100D50BD3;
			productRefGroup = D4ED00382A0109D100D50BD3 /* Products */;
			projectDirPath = "";
			projectRoot = "";
			targets = (
				D4ED00362A0109D100D50BD3 /* Indoor-Navigation */,
				D4ED004C2A0109D200D50BD3 /* Indoor-NavigationTests */,
				D4ED00562A0109D200D50BD3 /* Indoor-NavigationUITests */,
			);
		};
/* End PBXProject section */

/* Begin PBXResourcesBuildPhase section */
		D4ED00352A0109D100D50BD3 /* Resources */ = {
			isa = PBXResourcesBuildPhase;
			buildActionMask = 2147483647;
			files = (
				D4ED00422A0109D200D50BD3 /* Preview Assets.xcassets in Resources */,
				D4EBE3102A43C56800A7C6A1 /* map.gif in Resources */,
				D4EBE3142A43D94A00A7C6A1 /* wait.gif in Resources */,
				D4EBE3182A43DA7E00A7C6A1 /* biggerwait.gif in Resources */,
				D4AD99DA2A423B3800689781 /* Navigation.gif in Resources */,
				D4ED003F2A0109D200D50BD3 /* Assets.xcassets in Resources */,
			);
			runOnlyForDeploymentPostprocessing = 0;
		};
		D4ED004B2A0109D200D50BD3 /* Resources */ = {
			isa = PBXResourcesBuildPhase;
			buildActionMask = 2147483647;
			files = (
			);
			runOnlyForDeploymentPostprocessing = 0;
		};
		D4ED00552A0109D200D50BD3 /* Resources */ = {
			isa = PBXResourcesBuildPhase;
			buildActionMask = 2147483647;
			files = (
			);
			runOnlyForDeploymentPostprocessing = 0;
		};
/* End PBXResourcesBuildPhase section */

/* Begin PBXSourcesBuildPhase section */
		D4ED00332A0109D100D50BD3 /* Sources */ = {
			isa = PBXSourcesBuildPhase;
			buildActionMask = 2147483647;
			files = (
				D49223312A3F75CA002396AC /* BeaconReceiverViewModel.swift in Sources */,
				D461BF232A47A9F6004D7A48 /* FingerprintingDatabase.swift in Sources */,
				D4ED00472A0109D200D50BD3 /* Indoor_Navigation.xcdatamodeld in Sources */,
				D4EBE3122A43D92F00A7C6A1 /* WaitView.swift in Sources */,
				D4AD99E72A429A6400689781 /* User+CoreDataProperties.swift in Sources */,
				D4AD99E62A429A6400689781 /* User+CoreDataClass.swift in Sources */,
				D4ED00442A0109D200D50BD3 /* DataController.swift in Sources */,
				D4ED003D2A0109D100D50BD3 /* LoginView.swift in Sources */,
				D4AD99DC2A423C5E00689781 /* NavigationGifView.swift in Sources */,
				D4AD99DF2A428FF700689781 /* RegistrationViewModel.swift in Sources */,
				D4EBE3162A43D95A00A7C6A1 /* WaitGif.swift in Sources */,
				D49223242A3F5020002396AC /* BeaconSpecs.swift in Sources */,
				D4EBE30E2A43C52100A7C6A1 /* Map.swift in Sources */,
				D49223262A3F503B002396AC /* BestMatch.swift in Sources */,
				D4743B552A06D4C30057FA4E /* Registration.swift in Sources */,
				D4B6FA192A3E6D1A00B3892A /* LocationNavigationView.swift in Sources */,
				D49223282A3F505D002396AC /* BeaconElement.swift in Sources */,
				D4B6FA1B2A3E6D3400B3892A /* HomePageView.swift in Sources */,
				D4ED003B2A0109D100D50BD3 /* Indoor_NavigationApp.swift in Sources */,
			);
			runOnlyForDeploymentPostprocessing = 0;
		};
		D4ED00492A0109D200D50BD3 /* Sources */ = {
			isa = PBXSourcesBuildPhase;
			buildActionMask = 2147483647;
			files = (
				D4ED00522A0109D200D50BD3 /* Indoor_NavigationTests.swift in Sources */,
			);
			runOnlyForDeploymentPostprocessing = 0;
		};
		D4ED00532A0109D200D50BD3 /* Sources */ = {
			isa = PBXSourcesBuildPhase;
			buildActionMask = 2147483647;
			files = (
				D4ED005C2A0109D200D50BD3 /* Indoor_NavigationUITests.swift in Sources */,
				D4ED005E2A0109D200D50BD3 /* Indoor_NavigationUITestsLaunchTests.swift in Sources */,
			);
			runOnlyForDeploymentPostprocessing = 0;
		};
/* End PBXSourcesBuildPhase section */

/* Begin PBXTargetDependency section */
		D4ED004F2A0109D200D50BD3 /* PBXTargetDependency */ = {
			isa = PBXTargetDependency;
			target = D4ED00362A0109D100D50BD3 /* Indoor-Navigation */;
			targetProxy = D4ED004E2A0109D200D50BD3 /* PBXContainerItemProxy */;
		};
		D4ED00592A0109D200D50BD3 /* PBXTargetDependency */ = {
			isa = PBXTargetDependency;
			target = D4ED00362A0109D100D50BD3 /* Indoor-Navigation */;
			targetProxy = D4ED00582A0109D200D50BD3 /* PBXContainerItemProxy */;
		};
/* End PBXTargetDependency section */

/* Begin XCBuildConfiguration section */
		D4ED005F2A0109D200D50BD3 /* Debug */ = {
			isa = XCBuildConfiguration;
			buildSettings = {
				ALWAYS_SEARCH_USER_PATHS = NO;
				CLANG_ANALYZER_NONNULL = YES;
				CLANG_ANALYZER_NUMBER_OBJECT_CONVERSION = YES_AGGRESSIVE;
				CLANG_CXX_LANGUAGE_STANDARD = "gnu++20";
				CLANG_ENABLE_MODULES = YES;
				CLANG_ENABLE_OBJC_ARC = YES;
				CLANG_ENABLE_OBJC_WEAK = YES;
				CLANG_WARN_BLOCK_CAPTURE_AUTORELEASING = YES;
				CLANG_WARN_BOOL_CONVERSION = YES;
				CLANG_WARN_COMMA = YES;
				CLANG_WARN_CONSTANT_CONVERSION = YES;
				CLANG_WARN_DEPRECATED_OBJC_IMPLEMENTATIONS = YES;
				CLANG_WARN_DIRECT_OBJC_ISA_USAGE = YES_ERROR;
				CLANG_WARN_DOCUMENTATION_COMMENTS = YES;
				CLANG_WARN_EMPTY_BODY = YES;
				CLANG_WARN_ENUM_CONVERSION = YES;
				CLANG_WARN_INFINITE_RECURSION = YES;
				CLANG_WARN_INT_CONVERSION = YES;
				CLANG_WARN_NON_LITERAL_NULL_CONVERSION = YES;
				CLANG_WARN_OBJC_IMPLICIT_RETAIN_SELF = YES;
				CLANG_WARN_OBJC_LITERAL_CONVERSION = YES;
				CLANG_WARN_OBJC_ROOT_CLASS = YES_ERROR;
				CLANG_WARN_QUOTED_INCLUDE_IN_FRAMEWORK_HEADER = YES;
				CLANG_WARN_RANGE_LOOP_ANALYSIS = YES;
				CLANG_WARN_STRICT_PROTOTYPES = YES;
				CLANG_WARN_SUSPICIOUS_MOVE = YES;
				CLANG_WARN_UNGUARDED_AVAILABILITY = YES_AGGRESSIVE;
				CLANG_WARN_UNREACHABLE_CODE = YES;
				CLANG_WARN__DUPLICATE_METHOD_MATCH = YES;
				COPY_PHASE_STRIP = NO;
				DEBUG_INFORMATION_FORMAT = dwarf;
				ENABLE_STRICT_OBJC_MSGSEND = YES;
				ENABLE_TESTABILITY = YES;
				GCC_C_LANGUAGE_STANDARD = gnu11;
				GCC_DYNAMIC_NO_PIC = NO;
				GCC_NO_COMMON_BLOCKS = YES;
				GCC_OPTIMIZATION_LEVEL = 0;
				GCC_PREPROCESSOR_DEFINITIONS = (
					"DEBUG=1",
					"$(inherited)",
				);
				GCC_WARN_64_TO_32_BIT_CONVERSION = YES;
				GCC_WARN_ABOUT_RETURN_TYPE = YES_ERROR;
				GCC_WARN_UNDECLARED_SELECTOR = YES;
				GCC_WARN_UNINITIALIZED_AUTOS = YES_AGGRESSIVE;
				GCC_WARN_UNUSED_FUNCTION = YES;
				GCC_WARN_UNUSED_VARIABLE = YES;
				GENERATE_INFOPLIST_FILE = YES;
				INFOPLIST_FILE = "Indoor-Navigation/Info.plist";
				INFOPLIST_KEY_NSSupportsLiveActivities = YES;
				INFOPLIST_KEY_UIApplicationSceneManifest_Generation = YES;
				INFOPLIST_KEY_UIApplicationSupportsIndirectInputEvents = YES;
				INFOPLIST_KEY_UILaunchScreen_Generation = YES;
				IPHONEOS_DEPLOYMENT_TARGET = 16.4;
				MTL_ENABLE_DEBUG_INFO = INCLUDE_SOURCE;
				MTL_FAST_MATH = YES;
				ONLY_ACTIVE_ARCH = YES;
				SDKROOT = iphoneos;
				SWIFT_ACTIVE_COMPILATION_CONDITIONS = DEBUG;
				SWIFT_OPTIMIZATION_LEVEL = "-Onone";
			};
			name = Debug;
		};
		D4ED00602A0109D200D50BD3 /* Release */ = {
			isa = XCBuildConfiguration;
			buildSettings = {
				ALWAYS_SEARCH_USER_PATHS = NO;
				CLANG_ANALYZER_NONNULL = YES;
				CLANG_ANALYZER_NUMBER_OBJECT_CONVERSION = YES_AGGRESSIVE;
				CLANG_CXX_LANGUAGE_STANDARD = "gnu++20";
				CLANG_ENABLE_MODULES = YES;
				CLANG_ENABLE_OBJC_ARC = YES;
				CLANG_ENABLE_OBJC_WEAK = YES;
				CLANG_WARN_BLOCK_CAPTURE_AUTORELEASING = YES;
				CLANG_WARN_BOOL_CONVERSION = YES;
				CLANG_WARN_COMMA = YES;
				CLANG_WARN_CONSTANT_CONVERSION = YES;
				CLANG_WARN_DEPRECATED_OBJC_IMPLEMENTATIONS = YES;
				CLANG_WARN_DIRECT_OBJC_ISA_USAGE = YES_ERROR;
				CLANG_WARN_DOCUMENTATION_COMMENTS = YES;
				CLANG_WARN_EMPTY_BODY = YES;
				CLANG_WARN_ENUM_CONVERSION = YES;
				CLANG_WARN_INFINITE_RECURSION = YES;
				CLANG_WARN_INT_CONVERSION = YES;
				CLANG_WARN_NON_LITERAL_NULL_CONVERSION = YES;
				CLANG_WARN_OBJC_IMPLICIT_RETAIN_SELF = YES;
				CLANG_WARN_OBJC_LITERAL_CONVERSION = YES;
				CLANG_WARN_OBJC_ROOT_CLASS = YES_ERROR;
				CLANG_WARN_QUOTED_INCLUDE_IN_FRAMEWORK_HEADER = YES;
				CLANG_WARN_RANGE_LOOP_ANALYSIS = YES;
				CLANG_WARN_STRICT_PROTOTYPES = YES;
				CLANG_WARN_SUSPICIOUS_MOVE = YES;
				CLANG_WARN_UNGUARDED_AVAILABILITY = YES_AGGRESSIVE;
				CLANG_WARN_UNREACHABLE_CODE = YES;
				CLANG_WARN__DUPLICATE_METHOD_MATCH = YES;
				COPY_PHASE_STRIP = NO;
				DEBUG_INFORMATION_FORMAT = "dwarf-with-dsym";
				ENABLE_NS_ASSERTIONS = NO;
				ENABLE_STRICT_OBJC_MSGSEND = YES;
				GCC_C_LANGUAGE_STANDARD = gnu11;
				GCC_NO_COMMON_BLOCKS = YES;
				GCC_WARN_64_TO_32_BIT_CONVERSION = YES;
				GCC_WARN_ABOUT_RETURN_TYPE = YES_ERROR;
				GCC_WARN_UNDECLARED_SELECTOR = YES;
				GCC_WARN_UNINITIALIZED_AUTOS = YES_AGGRESSIVE;
				GCC_WARN_UNUSED_FUNCTION = YES;
				GCC_WARN_UNUSED_VARIABLE = YES;
				GENERATE_INFOPLIST_FILE = YES;
				INFOPLIST_FILE = "Indoor-Navigation/Info.plist";
				INFOPLIST_KEY_NSSupportsLiveActivities = YES;
				INFOPLIST_KEY_UIApplicationSceneManifest_Generation = YES;
				INFOPLIST_KEY_UIApplicationSupportsIndirectInputEvents = YES;
				INFOPLIST_KEY_UILaunchScreen_Generation = YES;
				IPHONEOS_DEPLOYMENT_TARGET = 16.4;
				MTL_ENABLE_DEBUG_INFO = NO;
				MTL_FAST_MATH = YES;
				SDKROOT = iphoneos;
				SWIFT_COMPILATION_MODE = wholemodule;
				SWIFT_OPTIMIZATION_LEVEL = "-O";
				VALIDATE_PRODUCT = YES;
			};
			name = Release;
		};
		D4ED00622A0109D200D50BD3 /* Debug */ = {
			isa = XCBuildConfiguration;
			buildSettings = {
				ASSETCATALOG_COMPILER_APPICON_NAME = AppIcon;
				ASSETCATALOG_COMPILER_GLOBAL_ACCENT_COLOR_NAME = AccentColor;
				CODE_SIGN_ENTITLEMENTS = "Indoor-Navigation/Indoor-Navigation.entitlements";
				CODE_SIGN_STYLE = Automatic;
				CURRENT_PROJECT_VERSION = 1;
				DEVELOPMENT_ASSET_PATHS = "\"Indoor-Navigation/Preview Content\"";
				DEVELOPMENT_TEAM = 224R4H6NMX;
				ENABLE_PREVIEWS = YES;
				GENERATE_INFOPLIST_FILE = YES;
				INFOPLIST_KEY_LSSupportsOpeningDocumentsInPlace = YES;
				INFOPLIST_KEY_NSBluetoothAlwaysUsageDescription = "Bluetooth permission for detecting beacons.";
				INFOPLIST_KEY_NSLocationAlwaysAndWhenInUseUsageDescription = "This app uses you location for beacon ranging.";
				INFOPLIST_KEY_NSLocationAlwaysUsageDescription = "The app uses this for beacons ranging.";
				INFOPLIST_KEY_NSLocationWhenInUseUsageDescription = "This app uses your location when in app for beacon detectyion.";
				INFOPLIST_KEY_NSSupportsLiveActivities = YES;
				INFOPLIST_KEY_UIApplicationSceneManifest_Generation = YES;
				INFOPLIST_KEY_UIApplicationSupportsIndirectInputEvents = YES;
				INFOPLIST_KEY_UILaunchScreen_Generation = YES;
				INFOPLIST_KEY_UIRequiresFullScreen = YES;
				INFOPLIST_KEY_UIStatusBarHidden = NO;
				INFOPLIST_KEY_UISupportedInterfaceOrientations_iPad = "UIInterfaceOrientationPortrait UIInterfaceOrientationPortraitUpsideDown UIInterfaceOrientationLandscapeLeft UIInterfaceOrientationLandscapeRight";
				INFOPLIST_KEY_UISupportedInterfaceOrientations_iPhone = "UIInterfaceOrientationPortrait UIInterfaceOrientationLandscapeLeft UIInterfaceOrientationLandscapeRight";
				LD_RUNPATH_SEARCH_PATHS = (
					"$(inherited)",
					"@executable_path/Frameworks",
				);
				MARKETING_VERSION = 1.0;
				PRODUCT_BUNDLE_IDENTIFIER = "com.findyourway.Indoor-Navigation";
				PRODUCT_NAME = "$(TARGET_NAME)";
				SWIFT_EMIT_LOC_STRINGS = YES;
				SWIFT_VERSION = 5.0;
				TARGETED_DEVICE_FAMILY = "1,2";
			};
			name = Debug;
		};
		D4ED00632A0109D200D50BD3 /* Release */ = {
			isa = XCBuildConfiguration;
			buildSettings = {
				ASSETCATALOG_COMPILER_APPICON_NAME = AppIcon;
				ASSETCATALOG_COMPILER_GLOBAL_ACCENT_COLOR_NAME = AccentColor;
				CODE_SIGN_ENTITLEMENTS = "Indoor-Navigation/Indoor-Navigation.entitlements";
				CODE_SIGN_STYLE = Automatic;
				CURRENT_PROJECT_VERSION = 1;
				DEVELOPMENT_ASSET_PATHS = "\"Indoor-Navigation/Preview Content\"";
				DEVELOPMENT_TEAM = 224R4H6NMX;
				ENABLE_PREVIEWS = YES;
				GENERATE_INFOPLIST_FILE = YES;
				INFOPLIST_KEY_LSSupportsOpeningDocumentsInPlace = YES;
				INFOPLIST_KEY_NSBluetoothAlwaysUsageDescription = "Bluetooth permission for detecting beacons.";
				INFOPLIST_KEY_NSLocationAlwaysAndWhenInUseUsageDescription = "This app uses you location for beacon ranging.";
				INFOPLIST_KEY_NSLocationAlwaysUsageDescription = "The app uses this for beacons ranging.";
				INFOPLIST_KEY_NSLocationWhenInUseUsageDescription = "This app uses your location when in app for beacon detectyion.";
				INFOPLIST_KEY_NSSupportsLiveActivities = YES;
				INFOPLIST_KEY_UIApplicationSceneManifest_Generation = YES;
				INFOPLIST_KEY_UIApplicationSupportsIndirectInputEvents = YES;
				INFOPLIST_KEY_UILaunchScreen_Generation = YES;
				INFOPLIST_KEY_UIRequiresFullScreen = YES;
				INFOPLIST_KEY_UIStatusBarHidden = NO;
				INFOPLIST_KEY_UISupportedInterfaceOrientations_iPad = "UIInterfaceOrientationPortrait UIInterfaceOrientationPortraitUpsideDown UIInterfaceOrientationLandscapeLeft UIInterfaceOrientationLandscapeRight";
				INFOPLIST_KEY_UISupportedInterfaceOrientations_iPhone = "UIInterfaceOrientationPortrait UIInterfaceOrientationLandscapeLeft UIInterfaceOrientationLandscapeRight";
				LD_RUNPATH_SEARCH_PATHS = (
					"$(inherited)",
					"@executable_path/Frameworks",
				);
				MARKETING_VERSION = 1.0;
				PRODUCT_BUNDLE_IDENTIFIER = "com.findyourway.Indoor-Navigation";
				PRODUCT_NAME = "$(TARGET_NAME)";
				SWIFT_EMIT_LOC_STRINGS = YES;
				SWIFT_VERSION = 5.0;
				TARGETED_DEVICE_FAMILY = "1,2";
			};
			name = Release;
		};
		D4ED00652A0109D200D50BD3 /* Debug */ = {
			isa = XCBuildConfiguration;
			buildSettings = {
				ALWAYS_EMBED_SWIFT_STANDARD_LIBRARIES = YES;
				BUNDLE_LOADER = "$(TEST_HOST)";
				CODE_SIGN_STYLE = Automatic;
				CURRENT_PROJECT_VERSION = 1;
				DEVELOPMENT_TEAM = 224R4H6NMX;
				GENERATE_INFOPLIST_FILE = YES;
				IPHONEOS_DEPLOYMENT_TARGET = 16.4;
				MARKETING_VERSION = 1.0;
				PRODUCT_BUNDLE_IDENTIFIER = "com.findyouway.Indoor-NavigationTests";
				PRODUCT_NAME = "$(TARGET_NAME)";
				SWIFT_EMIT_LOC_STRINGS = NO;
				SWIFT_VERSION = 5.0;
				TARGETED_DEVICE_FAMILY = "1,2";
				TEST_HOST = "$(BUILT_PRODUCTS_DIR)/Indoor-Navigation.app/$(BUNDLE_EXECUTABLE_FOLDER_PATH)/Indoor-Navigation";
			};
			name = Debug;
		};
		D4ED00662A0109D200D50BD3 /* Release */ = {
			isa = XCBuildConfiguration;
			buildSettings = {
				ALWAYS_EMBED_SWIFT_STANDARD_LIBRARIES = YES;
				BUNDLE_LOADER = "$(TEST_HOST)";
				CODE_SIGN_STYLE = Automatic;
				CURRENT_PROJECT_VERSION = 1;
				DEVELOPMENT_TEAM = 224R4H6NMX;
				GENERATE_INFOPLIST_FILE = YES;
				IPHONEOS_DEPLOYMENT_TARGET = 16.4;
				MARKETING_VERSION = 1.0;
				PRODUCT_BUNDLE_IDENTIFIER = "com.findyouway.Indoor-NavigationTests";
				PRODUCT_NAME = "$(TARGET_NAME)";
				SWIFT_EMIT_LOC_STRINGS = NO;
				SWIFT_VERSION = 5.0;
				TARGETED_DEVICE_FAMILY = "1,2";
				TEST_HOST = "$(BUILT_PRODUCTS_DIR)/Indoor-Navigation.app/$(BUNDLE_EXECUTABLE_FOLDER_PATH)/Indoor-Navigation";
			};
			name = Release;
		};
		D4ED00682A0109D200D50BD3 /* Debug */ = {
			isa = XCBuildConfiguration;
			buildSettings = {
				ALWAYS_EMBED_SWIFT_STANDARD_LIBRARIES = YES;
				CODE_SIGN_STYLE = Automatic;
				CURRENT_PROJECT_VERSION = 1;
				DEVELOPMENT_TEAM = 224R4H6NMX;
				GENERATE_INFOPLIST_FILE = YES;
				MARKETING_VERSION = 1.0;
				PRODUCT_BUNDLE_IDENTIFIER = "com.findyouway.Indoor-NavigationUITests";
				PRODUCT_NAME = "$(TARGET_NAME)";
				SWIFT_EMIT_LOC_STRINGS = NO;
				SWIFT_VERSION = 5.0;
				TARGETED_DEVICE_FAMILY = "1,2";
				TEST_TARGET_NAME = "Indoor-Navigation";
			};
			name = Debug;
		};
		D4ED00692A0109D200D50BD3 /* Release */ = {
			isa = XCBuildConfiguration;
			buildSettings = {
				ALWAYS_EMBED_SWIFT_STANDARD_LIBRARIES = YES;
				CODE_SIGN_STYLE = Automatic;
				CURRENT_PROJECT_VERSION = 1;
				DEVELOPMENT_TEAM = 224R4H6NMX;
				GENERATE_INFOPLIST_FILE = YES;
				MARKETING_VERSION = 1.0;
				PRODUCT_BUNDLE_IDENTIFIER = "com.findyouway.Indoor-NavigationUITests";
				PRODUCT_NAME = "$(TARGET_NAME)";
				SWIFT_EMIT_LOC_STRINGS = NO;
				SWIFT_VERSION = 5.0;
				TARGETED_DEVICE_FAMILY = "1,2";
				TEST_TARGET_NAME = "Indoor-Navigation";
			};
			name = Release;
		};
/* End XCBuildConfiguration section */

/* Begin XCConfigurationList section */
		D4ED00322A0109D100D50BD3 /* Build configuration list for PBXProject "Indoor-Navigation" */ = {
			isa = XCConfigurationList;
			buildConfigurations = (
				D4ED005F2A0109D200D50BD3 /* Debug */,
				D4ED00602A0109D200D50BD3 /* Release */,
			);
			defaultConfigurationIsVisible = 0;
			defaultConfigurationName = Release;
		};
		D4ED00612A0109D200D50BD3 /* Build configuration list for PBXNativeTarget "Indoor-Navigation" */ = {
			isa = XCConfigurationList;
			buildConfigurations = (
				D4ED00622A0109D200D50BD3 /* Debug */,
				D4ED00632A0109D200D50BD3 /* Release */,
			);
			defaultConfigurationIsVisible = 0;
			defaultConfigurationName = Release;
		};
		D4ED00642A0109D200D50BD3 /* Build configuration list for PBXNativeTarget "Indoor-NavigationTests" */ = {
			isa = XCConfigurationList;
			buildConfigurations = (
				D4ED00652A0109D200D50BD3 /* Debug */,
				D4ED00662A0109D200D50BD3 /* Release */,
			);
			defaultConfigurationIsVisible = 0;
			defaultConfigurationName = Release;
		};
		D4ED00672A0109D200D50BD3 /* Build configuration list for PBXNativeTarget "Indoor-NavigationUITests" */ = {
			isa = XCConfigurationList;
			buildConfigurations = (
				D4ED00682A0109D200D50BD3 /* Debug */,
				D4ED00692A0109D200D50BD3 /* Release */,
			);
			defaultConfigurationIsVisible = 0;
			defaultConfigurationName = Release;
		};
/* End XCConfigurationList section */

/* Begin XCVersionGroup section */
		D4ED00452A0109D200D50BD3 /* Indoor_Navigation.xcdatamodeld */ = {
			isa = XCVersionGroup;
			children = (
				D4ED00462A0109D200D50BD3 /* Indoor_Navigation.xcdatamodel */,
			);
			currentVersion = D4ED00462A0109D200D50BD3 /* Indoor_Navigation.xcdatamodel */;
			path = Indoor_Navigation.xcdatamodeld;
			sourceTree = "<group>";
			versionGroupType = wrapper.xcdatamodel;
		};
/* End XCVersionGroup section */
	};
	rootObject = D4ED002F2A0109D100D50BD3 /* Project object */;
}
